// !$*UTF8*$!
{
	archiveVersion = 1;
	classes = {
	};
	objectVersion = 56;
	objects = {

/* Begin PBXBuildFile section */
		AD3E86082B25F41300BB54B2 /* AppDelegate.swift in Sources */ = {isa = PBXBuildFile; fileRef = AD3E86072B25F41300BB54B2 /* AppDelegate.swift */; };
		AD3E860A2B25F41300BB54B2 /* SceneDelegate.swift in Sources */ = {isa = PBXBuildFile; fileRef = AD3E86092B25F41300BB54B2 /* SceneDelegate.swift */; };
		AD3E860C2B25F41300BB54B2 /* ViewController.swift in Sources */ = {isa = PBXBuildFile; fileRef = AD3E860B2B25F41300BB54B2 /* ViewController.swift */; };
		AD3E860F2B25F41300BB54B2 /* Main.storyboard in Resources */ = {isa = PBXBuildFile; fileRef = AD3E860D2B25F41300BB54B2 /* Main.storyboard */; };
		AD3E86122B25F41300BB54B2 /* test.xcdatamodeld in Sources */ = {isa = PBXBuildFile; fileRef = AD3E86102B25F41300BB54B2 /* test.xcdatamodeld */; };
		AD3E86142B25F41600BB54B2 /* Assets.xcassets in Resources */ = {isa = PBXBuildFile; fileRef = AD3E86132B25F41600BB54B2 /* Assets.xcassets */; };
		AD3E86172B25F41600BB54B2 /* LaunchScreen.storyboard in Resources */ = {isa = PBXBuildFile; fileRef = AD3E86152B25F41600BB54B2 /* LaunchScreen.storyboard */; };
		AD3E86232B25F41600BB54B2 /* testTests.swift in Sources */ = {isa = PBXBuildFile; fileRef = AD3E86222B25F41600BB54B2 /* testTests.swift */; };
		AD3E862D2B25F41600BB54B2 /* testUITests.swift in Sources */ = {isa = PBXBuildFile; fileRef = AD3E862C2B25F41600BB54B2 /* testUITests.swift */; };
		AD3E862F2B25F41600BB54B2 /* testUITestsLaunchTests.swift in Sources */ = {isa = PBXBuildFile; fileRef = AD3E862E2B25F41600BB54B2 /* testUITestsLaunchTests.swift */; };
/* End PBXBuildFile section */

/* Begin PBXContainerItemProxy section */
		AD3E861F2B25F41600BB54B2 /* PBXContainerItemProxy */ = {
			isa = PBXContainerItemProxy;
			containerPortal = AD3E85FC2B25F41300BB54B2 /* Project object */;
			proxyType = 1;
			remoteGlobalIDString = AD3E86032B25F41300BB54B2;
			remoteInfo = test;
		};
		AD3E86292B25F41600BB54B2 /* PBXContainerItemProxy */ = {
			isa = PBXContainerItemProxy;
			containerPortal = AD3E85FC2B25F41300BB54B2 /* Project object */;
			proxyType = 1;
			remoteGlobalIDString = AD3E86032B25F41300BB54B2;
			remoteInfo = test;
		};
/* End PBXContainerItemProxy section */

/* Begin PBXFileReference section */
		AD3E86042B25F41300BB54B2 /* test.app */ = {isa = PBXFileReference; explicitFileType = wrapper.application; includeInIndex = 0; path = test.app; sourceTree = BUILT_PRODUCTS_DIR; };
		AD3E86072B25F41300BB54B2 /* AppDelegate.swift */ = {isa = PBXFileReference; lastKnownFileType = sourcecode.swift; path = AppDelegate.swift; sourceTree = "<group>"; };
		AD3E86092B25F41300BB54B2 /* SceneDelegate.swift */ = {isa = PBXFileReference; lastKnownFileType = sourcecode.swift; path = SceneDelegate.swift; sourceTree = "<group>"; };
		AD3E860B2B25F41300BB54B2 /* ViewController.swift */ = {isa = PBXFileReference; lastKnownFileType = sourcecode.swift; path = ViewController.swift; sourceTree = "<group>"; };
		AD3E860E2B25F41300BB54B2 /* Base */ = {isa = PBXFileReference; lastKnownFileType = file.storyboard; name = Base; path = Base.lproj/Main.storyboard; sourceTree = "<group>"; };
		AD3E86112B25F41300BB54B2 /* test.xcdatamodel */ = {isa = PBXFileReference; lastKnownFileType = wrapper.xcdatamodel; path = test.xcdatamodel; sourceTree = "<group>"; };
		AD3E86132B25F41600BB54B2 /* Assets.xcassets */ = {isa = PBXFileReference; lastKnownFileType = folder.assetcatalog; path = Assets.xcassets; sourceTree = "<group>"; };
		AD3E86162B25F41600BB54B2 /* Base */ = {isa = PBXFileReference; lastKnownFileType = file.storyboard; name = Base; path = Base.lproj/LaunchScreen.storyboard; sourceTree = "<group>"; };
		AD3E86182B25F41600BB54B2 /* test.entitlements */ = {isa = PBXFileReference; lastKnownFileType = text.plist.entitlements; path = test.entitlements; sourceTree = "<group>"; };
		AD3E86192B25F41600BB54B2 /* Info.plist */ = {isa = PBXFileReference; lastKnownFileType = text.plist.xml; path = Info.plist; sourceTree = "<group>"; };
		AD3E861E2B25F41600BB54B2 /* testTests.xctest */ = {isa = PBXFileReference; explicitFileType = wrapper.cfbundle; includeInIndex = 0; path = testTests.xctest; sourceTree = BUILT_PRODUCTS_DIR; };
		AD3E86222B25F41600BB54B2 /* testTests.swift */ = {isa = PBXFileReference; lastKnownFileType = sourcecode.swift; path = testTests.swift; sourceTree = "<group>"; };
		AD3E86282B25F41600BB54B2 /* testUITests.xctest */ = {isa = PBXFileReference; explicitFileType = wrapper.cfbundle; includeInIndex = 0; path = testUITests.xctest; sourceTree = BUILT_PRODUCTS_DIR; };
		AD3E862C2B25F41600BB54B2 /* testUITests.swift */ = {isa = PBXFileReference; lastKnownFileType = sourcecode.swift; path = testUITests.swift; sourceTree = "<group>"; };
		AD3E862E2B25F41600BB54B2 /* testUITestsLaunchTests.swift */ = {isa = PBXFileReference; lastKnownFileType = sourcecode.swift; path = testUITestsLaunchTests.swift; sourceTree = "<group>"; };
/* End PBXFileReference section */

/* Begin PBXFrameworksBuildPhase section */
		AD3E86012B25F41300BB54B2 /* Frameworks */ = {
			isa = PBXFrameworksBuildPhase;
			buildActionMask = 2147483647;
			files = (
			);
			runOnlyForDeploymentPostprocessing = 0;
		};
		AD3E861B2B25F41600BB54B2 /* Frameworks */ = {
			isa = PBXFrameworksBuildPhase;
			buildActionMask = 2147483647;
			files = (
			);
			runOnlyForDeploymentPostprocessing = 0;
		};
		AD3E86252B25F41600BB54B2 /* Frameworks */ = {
			isa = PBXFrameworksBuildPhase;
			buildActionMask = 2147483647;
			files = (
			);
			runOnlyForDeploymentPostprocessing = 0;
		};
/* End PBXFrameworksBuildPhase section */

/* Begin PBXGroup section */
		AD3E85FB2B25F41300BB54B2 = {
			isa = PBXGroup;
			children = (
				AD3E86062B25F41300BB54B2 /* test */,
				AD3E86212B25F41600BB54B2 /* testTests */,
				AD3E862B2B25F41600BB54B2 /* testUITests */,
				AD3E86052B25F41300BB54B2 /* Products */,
			);
			sourceTree = "<group>";
		};
		AD3E86052B25F41300BB54B2 /* Products */ = {
			isa = PBXGroup;
			children = (
				AD3E86042B25F41300BB54B2 /* test.app */,
				AD3E861E2B25F41600BB54B2 /* testTests.xctest */,
				AD3E86282B25F41600BB54B2 /* testUITests.xctest */,
			);
			name = Products;
			sourceTree = "<group>";
		};
		AD3E86062B25F41300BB54B2 /* test */ = {
			isa = PBXGroup;
			children = (
				AD3E86072B25F41300BB54B2 /* AppDelegate.swift */,
				AD3E86092B25F41300BB54B2 /* SceneDelegate.swift */,
				AD3E860B2B25F41300BB54B2 /* ViewController.swift */,
				AD3E860D2B25F41300BB54B2 /* Main.storyboard */,
				AD3E86132B25F41600BB54B2 /* Assets.xcassets */,
				AD3E86152B25F41600BB54B2 /* LaunchScreen.storyboard */,
				AD3E86182B25F41600BB54B2 /* test.entitlements */,
				AD3E86192B25F41600BB54B2 /* Info.plist */,
				AD3E86102B25F41300BB54B2 /* test.xcdatamodeld */,
			);
			path = test;
			sourceTree = "<group>";
		};
		AD3E86212B25F41600BB54B2 /* testTests */ = {
			isa = PBXGroup;
			children = (
				AD3E86222B25F41600BB54B2 /* testTests.swift */,
			);
			path = testTests;
			sourceTree = "<group>";
		};
		AD3E862B2B25F41600BB54B2 /* testUITests */ = {
			isa = PBXGroup;
			children = (
				AD3E862C2B25F41600BB54B2 /* testUITests.swift */,
				AD3E862E2B25F41600BB54B2 /* testUITestsLaunchTests.swift */,
			);
			path = testUITests;
			sourceTree = "<group>";
		};
/* End PBXGroup section */

/* Begin PBXNativeTarget section */
		AD3E86032B25F41300BB54B2 /* test */ = {
			isa = PBXNativeTarget;
			buildConfigurationList = AD3E86322B25F41600BB54B2 /* Build configuration list for PBXNativeTarget "test" */;
			buildPhases = (
				AD3E86002B25F41300BB54B2 /* Sources */,
				AD3E86012B25F41300BB54B2 /* Frameworks */,
				AD3E86022B25F41300BB54B2 /* Resources */,
			);
			buildRules = (
			);
			dependencies = (
			);
			name = test;
			productName = test;
			productReference = AD3E86042B25F41300BB54B2 /* test.app */;
			productType = "com.apple.product-type.application";
		};
		AD3E861D2B25F41600BB54B2 /* testTests */ = {
			isa = PBXNativeTarget;
			buildConfigurationList = AD3E86352B25F41600BB54B2 /* Build configuration list for PBXNativeTarget "testTests" */;
			buildPhases = (
				AD3E861A2B25F41600BB54B2 /* Sources */,
				AD3E861B2B25F41600BB54B2 /* Frameworks */,
				AD3E861C2B25F41600BB54B2 /* Resources */,
			);
			buildRules = (
			);
			dependencies = (
				AD3E86202B25F41600BB54B2 /* PBXTargetDependency */,
			);
			name = testTests;
			productName = testTests;
			productReference = AD3E861E2B25F41600BB54B2 /* testTests.xctest */;
			productType = "com.apple.product-type.bundle.unit-test";
		};
		AD3E86272B25F41600BB54B2 /* testUITests */ = {
			isa = PBXNativeTarget;
			buildConfigurationList = AD3E86382B25F41600BB54B2 /* Build configuration list for PBXNativeTarget "testUITests" */;
			buildPhases = (
				AD3E86242B25F41600BB54B2 /* Sources */,
				AD3E86252B25F41600BB54B2 /* Frameworks */,
				AD3E86262B25F41600BB54B2 /* Resources */,
			);
			buildRules = (
			);
			dependencies = (
				AD3E862A2B25F41600BB54B2 /* PBXTargetDependency */,
			);
			name = testUITests;
			productName = testUITests;
			productReference = AD3E86282B25F41600BB54B2 /* testUITests.xctest */;
			productType = "com.apple.product-type.bundle.ui-testing";
		};
/* End PBXNativeTarget section */

/* Begin PBXProject section */
		AD3E85FC2B25F41300BB54B2 /* Project object */ = {
			isa = PBXProject;
			attributes = {
				BuildIndependentTargetsInParallel = 1;
				LastSwiftUpdateCheck = 1500;
				LastUpgradeCheck = 1500;
				TargetAttributes = {
					AD3E86032B25F41300BB54B2 = {
						CreatedOnToolsVersion = 15.0.1;
					};
					AD3E861D2B25F41600BB54B2 = {
						CreatedOnToolsVersion = 15.0.1;
						TestTargetID = AD3E86032B25F41300BB54B2;
					};
					AD3E86272B25F41600BB54B2 = {
						CreatedOnToolsVersion = 15.0.1;
						TestTargetID = AD3E86032B25F41300BB54B2;
					};
				};
			};
			buildConfigurationList = AD3E85FF2B25F41300BB54B2 /* Build configuration list for PBXProject "test" */;
			compatibilityVersion = "Xcode 14.0";
			developmentRegion = en;
			hasScannedForEncodings = 0;
			knownRegions = (
				en,
				Base,
			);
			mainGroup = AD3E85FB2B25F41300BB54B2;
			productRefGroup = AD3E86052B25F41300BB54B2 /* Products */;
			projectDirPath = "";
			projectRoot = "";
			targets = (
				AD3E86032B25F41300BB54B2 /* test */,
				AD3E861D2B25F41600BB54B2 /* testTests */,
				AD3E86272B25F41600BB54B2 /* testUITests */,
			);
		};
/* End PBXProject section */

/* Begin PBXResourcesBuildPhase section */
		AD3E86022B25F41300BB54B2 /* Resources */ = {
			isa = PBXResourcesBuildPhase;
			buildActionMask = 2147483647;
			files = (
				AD3E86172B25F41600BB54B2 /* LaunchScreen.storyboard in Resources */,
				AD3E86142B25F41600BB54B2 /* Assets.xcassets in Resources */,
				AD3E860F2B25F41300BB54B2 /* Main.storyboard in Resources */,
			);
			runOnlyForDeploymentPostprocessing = 0;
		};
		AD3E861C2B25F41600BB54B2 /* Resources */ = {
			isa = PBXResourcesBuildPhase;
			buildActionMask = 2147483647;
			files = (
			);
			runOnlyForDeploymentPostprocessing = 0;
		};
		AD3E86262B25F41600BB54B2 /* Resources */ = {
			isa = PBXResourcesBuildPhase;
			buildActionMask = 2147483647;
			files = (
			);
			runOnlyForDeploymentPostprocessing = 0;
		};
/* End PBXResourcesBuildPhase section */

/* Begin PBXSourcesBuildPhase section */
		AD3E86002B25F41300BB54B2 /* Sources */ = {
			isa = PBXSourcesBuildPhase;
			buildActionMask = 2147483647;
			files = (
				AD3E860C2B25F41300BB54B2 /* ViewController.swift in Sources */,
				AD3E86122B25F41300BB54B2 /* test.xcdatamodeld in Sources */,
				AD3E86082B25F41300BB54B2 /* AppDelegate.swift in Sources */,
				AD3E860A2B25F41300BB54B2 /* SceneDelegate.swift in Sources */,
			);
			runOnlyForDeploymentPostprocessing = 0;
		};
		AD3E861A2B25F41600BB54B2 /* Sources */ = {
			isa = PBXSourcesBuildPhase;
			buildActionMask = 2147483647;
			files = (
				AD3E86232B25F41600BB54B2 /* testTests.swift in Sources */,
			);
			runOnlyForDeploymentPostprocessing = 0;
		};
		AD3E86242B25F41600BB54B2 /* Sources */ = {
			isa = PBXSourcesBuildPhase;
			buildActionMask = 2147483647;
			files = (
				AD3E862F2B25F41600BB54B2 /* testUITestsLaunchTests.swift in Sources */,
				AD3E862D2B25F41600BB54B2 /* testUITests.swift in Sources */,
			);
			runOnlyForDeploymentPostprocessing = 0;
		};
/* End PBXSourcesBuildPhase section */

/* Begin PBXTargetDependency section */
		AD3E86202B25F41600BB54B2 /* PBXTargetDependency */ = {
			isa = PBXTargetDependency;
			target = AD3E86032B25F41300BB54B2 /* test */;
			targetProxy = AD3E861F2B25F41600BB54B2 /* PBXContainerItemProxy */;
		};
		AD3E862A2B25F41600BB54B2 /* PBXTargetDependency */ = {
			isa = PBXTargetDependency;
			target = AD3E86032B25F41300BB54B2 /* test */;
			targetProxy = AD3E86292B25F41600BB54B2 /* PBXContainerItemProxy */;
		};
/* End PBXTargetDependency section */

/* Begin PBXVariantGroup section */
		AD3E860D2B25F41300BB54B2 /* Main.storyboard */ = {
			isa = PBXVariantGroup;
			children = (
				AD3E860E2B25F41300BB54B2 /* Base */,
			);
			name = Main.storyboard;
			sourceTree = "<group>";
		};
		AD3E86152B25F41600BB54B2 /* LaunchScreen.storyboard */ = {
			isa = PBXVariantGroup;
			children = (
				AD3E86162B25F41600BB54B2 /* Base */,
			);
			name = LaunchScreen.storyboard;
			sourceTree = "<group>";
		};
/* End PBXVariantGroup section */

/* Begin XCBuildConfiguration section */
		AD3E86302B25F41600BB54B2 /* Debug */ = {
			isa = XCBuildConfiguration;
			buildSettings = {
				ALWAYS_SEARCH_USER_PATHS = NO;
				ASSETCATALOG_COMPILER_GENERATE_SWIFT_ASSET_SYMBOL_EXTENSIONS = YES;
				CLANG_ANALYZER_NONNULL = YES;
				CLANG_ANALYZER_NUMBER_OBJECT_CONVERSION = YES_AGGRESSIVE;
				CLANG_CXX_LANGUAGE_STANDARD = "gnu++20";
				CLANG_ENABLE_MODULES = YES;
				CLANG_ENABLE_OBJC_ARC = YES;
				CLANG_ENABLE_OBJC_WEAK = YES;
				CLANG_WARN_BLOCK_CAPTURE_AUTORELEASING = YES;
				CLANG_WARN_BOOL_CONVERSION = YES;
				CLANG_WARN_COMMA = YES;
				CLANG_WARN_CONSTANT_CONVERSION = YES;
				CLANG_WARN_DEPRECATED_OBJC_IMPLEMENTATIONS = YES;
				CLANG_WARN_DIRECT_OBJC_ISA_USAGE = YES_ERROR;
				CLANG_WARN_DOCUMENTATION_COMMENTS = YES;
				CLANG_WARN_EMPTY_BODY = YES;
				CLANG_WARN_ENUM_CONVERSION = YES;
				CLANG_WARN_INFINITE_RECURSION = YES;
				CLANG_WARN_INT_CONVERSION = YES;
				CLANG_WARN_NON_LITERAL_NULL_CONVERSION = YES;
				CLANG_WARN_OBJC_IMPLICIT_RETAIN_SELF = YES;
				CLANG_WARN_OBJC_LITERAL_CONVERSION = YES;
				CLANG_WARN_OBJC_ROOT_CLASS = YES_ERROR;
				CLANG_WARN_QUOTED_INCLUDE_IN_FRAMEWORK_HEADER = YES;
				CLANG_WARN_RANGE_LOOP_ANALYSIS = YES;
				CLANG_WARN_STRICT_PROTOTYPES = YES;
				CLANG_WARN_SUSPICIOUS_MOVE = YES;
				CLANG_WARN_UNGUARDED_AVAILABILITY = YES_AGGRESSIVE;
				CLANG_WARN_UNREACHABLE_CODE = YES;
				CLANG_WARN__DUPLICATE_METHOD_MATCH = YES;
				COPY_PHASE_STRIP = NO;
				DEBUG_INFORMATION_FORMAT = dwarf;
				ENABLE_STRICT_OBJC_MSGSEND = YES;
				ENABLE_TESTABILITY = YES;
				ENABLE_USER_SCRIPT_SANDBOXING = YES;
				GCC_C_LANGUAGE_STANDARD = gnu17;
				GCC_DYNAMIC_NO_PIC = NO;
				GCC_NO_COMMON_BLOCKS = YES;
				GCC_OPTIMIZATION_LEVEL = 0;
				GCC_PREPROCESSOR_DEFINITIONS = (
					"DEBUG=1",
					"$(inherited)",
				);
				GCC_WARN_64_TO_32_BIT_CONVERSION = YES;
				GCC_WARN_ABOUT_RETURN_TYPE = YES_ERROR;
				GCC_WARN_UNDECLARED_SELECTOR = YES;
				GCC_WARN_UNINITIALIZED_AUTOS = YES_AGGRESSIVE;
				GCC_WARN_UNUSED_FUNCTION = YES;
				GCC_WARN_UNUSED_VARIABLE = YES;
				IPHONEOS_DEPLOYMENT_TARGET = 17.0;
				LOCALIZATION_PREFERS_STRING_CATALOGS = YES;
				MTL_ENABLE_DEBUG_INFO = INCLUDE_SOURCE;
				MTL_FAST_MATH = YES;
				ONLY_ACTIVE_ARCH = YES;
				SDKROOT = iphoneos;
				SWIFT_ACTIVE_COMPILATION_CONDITIONS = "DEBUG $(inherited)";
				SWIFT_OPTIMIZATION_LEVEL = "-Onone";
			};
			name = Debug;
		};
		AD3E86312B25F41600BB54B2 /* Release */ = {
			isa = XCBuildConfiguration;
			buildSettings = {
				ALWAYS_SEARCH_USER_PATHS = NO;
				ASSETCATALOG_COMPILER_GENERATE_SWIFT_ASSET_SYMBOL_EXTENSIONS = YES;
				CLANG_ANALYZER_NONNULL = YES;
				CLANG_ANALYZER_NUMBER_OBJECT_CONVERSION = YES_AGGRESSIVE;
				CLANG_CXX_LANGUAGE_STANDARD = "gnu++20";
				CLANG_ENABLE_MODULES = YES;
				CLANG_ENABLE_OBJC_ARC = YES;
				CLANG_ENABLE_OBJC_WEAK = YES;
				CLANG_WARN_BLOCK_CAPTURE_AUTORELEASING = YES;
				CLANG_WARN_BOOL_CONVERSION = YES;
				CLANG_WARN_COMMA = YES;
				CLANG_WARN_CONSTANT_CONVERSION = YES;
				CLANG_WARN_DEPRECATED_OBJC_IMPLEMENTATIONS = YES;
				CLANG_WARN_DIRECT_OBJC_ISA_USAGE = YES_ERROR;
				CLANG_WARN_DOCUMENTATION_COMMENTS = YES;
				CLANG_WARN_EMPTY_BODY = YES;
				CLANG_WARN_ENUM_CONVERSION = YES;
				CLANG_WARN_INFINITE_RECURSION = YES;
				CLANG_WARN_INT_CONVERSION = YES;
				CLANG_WARN_NON_LITERAL_NULL_CONVERSION = YES;
				CLANG_WARN_OBJC_IMPLICIT_RETAIN_SELF = YES;
				CLANG_WARN_OBJC_LITERAL_CONVERSION = YES;
				CLANG_WARN_OBJC_ROOT_CLASS = YES_ERROR;
				CLANG_WARN_QUOTED_INCLUDE_IN_FRAMEWORK_HEADER = YES;
				CLANG_WARN_RANGE_LOOP_ANALYSIS = YES;
				CLANG_WARN_STRICT_PROTOTYPES = YES;
				CLANG_WARN_SUSPICIOUS_MOVE = YES;
				CLANG_WARN_UNGUARDED_AVAILABILITY = YES_AGGRESSIVE;
				CLANG_WARN_UNREACHABLE_CODE = YES;
				CLANG_WARN__DUPLICATE_METHOD_MATCH = YES;
				COPY_PHASE_STRIP = NO;
				DEBUG_INFORMATION_FORMAT = "dwarf-with-dsym";
				ENABLE_NS_ASSERTIONS = NO;
				ENABLE_STRICT_OBJC_MSGSEND = YES;
				ENABLE_USER_SCRIPT_SANDBOXING = YES;
				GCC_C_LANGUAGE_STANDARD = gnu17;
				GCC_NO_COMMON_BLOCKS = YES;
				GCC_WARN_64_TO_32_BIT_CONVERSION = YES;
				GCC_WARN_ABOUT_RETURN_TYPE = YES_ERROR;
				GCC_WARN_UNDECLARED_SELECTOR = YES;
				GCC_WARN_UNINITIALIZED_AUTOS = YES_AGGRESSIVE;
				GCC_WARN_UNUSED_FUNCTION = YES;
				GCC_WARN_UNUSED_VARIABLE = YES;
				IPHONEOS_DEPLOYMENT_TARGET = 17.0;
				LOCALIZATION_PREFERS_STRING_CATALOGS = YES;
				MTL_ENABLE_DEBUG_INFO = NO;
				MTL_FAST_MATH = YES;
				SDKROOT = iphoneos;
				SWIFT_COMPILATION_MODE = wholemodule;
				VALIDATE_PRODUCT = YES;
			};
			name = Release;
		};
		AD3E86332B25F41600BB54B2 /* Debug */ = {
			isa = XCBuildConfiguration;
			buildSettings = {
				ASSETCATALOG_COMPILER_APPICON_NAME = AppIcon;
				ASSETCATALOG_COMPILER_GLOBAL_ACCENT_COLOR_NAME = AccentColor;
				CODE_SIGN_ENTITLEMENTS = test/test.entitlements;
				CODE_SIGN_STYLE = Automatic;
				CURRENT_PROJECT_VERSION = 1;
				DEVELOPMENT_TEAM = MHZJ8TSYR9;
				GENERATE_INFOPLIST_FILE = YES;
				INFOPLIST_FILE = test/Info.plist;
				INFOPLIST_KEY_UIApplicationSupportsIndirectInputEvents = YES;
				INFOPLIST_KEY_UILaunchStoryboardName = LaunchScreen;
				INFOPLIST_KEY_UIMainStoryboardFile = Main;
				INFOPLIST_KEY_UISupportedInterfaceOrientations_iPad = "UIInterfaceOrientationPortrait UIInterfaceOrientationPortraitUpsideDown UIInterfaceOrientationLandscapeLeft UIInterfaceOrientationLandscapeRight";
				INFOPLIST_KEY_UISupportedInterfaceOrientations_iPhone = "UIInterfaceOrientationPortrait UIInterfaceOrientationLandscapeLeft UIInterfaceOrientationLandscapeRight";
				LD_RUNPATH_SEARCH_PATHS = (
					"$(inherited)",
					"@executable_path/Frameworks",
				);
				MARKETING_VERSION = 1.0;
				PRODUCT_BUNDLE_IDENTIFIER = "Ahmet-K.-dev.Turk.test";
				PRODUCT_NAME = "$(TARGET_NAME)";
				SWIFT_EMIT_LOC_STRINGS = YES;
				SWIFT_VERSION = 5.0;
				TARGETED_DEVICE_FAMILY = "1,2";
			};
			name = Debug;
		};
		AD3E86342B25F41600BB54B2 /* Release */ = {
			isa = XCBuildConfiguration;
			buildSettings = {
				ASSETCATALOG_COMPILER_APPICON_NAME = AppIcon;
				ASSETCATALOG_COMPILER_GLOBAL_ACCENT_COLOR_NAME = AccentColor;
				CODE_SIGN_ENTITLEMENTS = test/test.entitlements;
				CODE_SIGN_STYLE = Automatic;
				CURRENT_PROJECT_VERSION = 1;
				DEVELOPMENT_TEAM = MHZJ8TSYR9;
				GENERATE_INFOPLIST_FILE = YES;
				INFOPLIST_FILE = test/Info.plist;
				INFOPLIST_KEY_UIApplicationSupportsIndirectInputEvents = YES;
				INFOPLIST_KEY_UILaunchStoryboardName = LaunchScreen;
				INFOPLIST_KEY_UIMainStoryboardFile = Main;
				INFOPLIST_KEY_UISupportedInterfaceOrientations_iPad = "UIInterfaceOrientationPortrait UIInterfaceOrientationPortraitUpsideDown UIInterfaceOrientationLandscapeLeft UIInterfaceOrientationLandscapeRight";
				INFOPLIST_KEY_UISupportedInterfaceOrientations_iPhone = "UIInterfaceOrientationPortrait UIInterfaceOrientationLandscapeLeft UIInterfaceOrientationLandscapeRight";
				LD_RUNPATH_SEARCH_PATHS = (
					"$(inherited)",
					"@executable_path/Frameworks",
				);
				MARKETING_VERSION = 1.0;
				PRODUCT_BUNDLE_IDENTIFIER = "Ahmet-K.-dev.Turk.test";
				PRODUCT_NAME = "$(TARGET_NAME)";
				SWIFT_EMIT_LOC_STRINGS = YES;
				SWIFT_VERSION = 5.0;
				TARGETED_DEVICE_FAMILY = "1,2";
			};
			name = Release;
		};
		AD3E86362B25F41600BB54B2 /* Debug */ = {
			isa = XCBuildConfiguration;
			buildSettings = {
				ALWAYS_EMBED_SWIFT_STANDARD_LIBRARIES = YES;
				BUNDLE_LOADER = "$(TEST_HOST)";
				CODE_SIGN_STYLE = Automatic;
				CURRENT_PROJECT_VERSION = 1;
				DEVELOPMENT_TEAM = MHZJ8TSYR9;
				GENERATE_INFOPLIST_FILE = YES;
				IPHONEOS_DEPLOYMENT_TARGET = 17.0;
				MARKETING_VERSION = 1.0;
				PRODUCT_BUNDLE_IDENTIFIER = "Ahmet-K.-dev.Turk.testTests";
				PRODUCT_NAME = "$(TARGET_NAME)";
				SWIFT_EMIT_LOC_STRINGS = NO;
				SWIFT_VERSION = 5.0;
				TARGETED_DEVICE_FAMILY = "1,2";
				TEST_HOST = "$(BUILT_PRODUCTS_DIR)/test.app/$(BUNDLE_EXECUTABLE_FOLDER_PATH)/test";
			};
			name = Debug;
		};
		AD3E86372B25F41600BB54B2 /* Release */ = {
			isa = XCBuildConfiguration;
			buildSettings = {
				ALWAYS_EMBED_SWIFT_STANDARD_LIBRARIES = YES;
				BUNDLE_LOADER = "$(TEST_HOST)";
				CODE_SIGN_STYLE = Automatic;
				CURRENT_PROJECT_VERSION = 1;
				DEVELOPMENT_TEAM = MHZJ8TSYR9;
				GENERATE_INFOPLIST_FILE = YES;
				IPHONEOS_DEPLOYMENT_TARGET = 17.0;
				MARKETING_VERSION = 1.0;
				PRODUCT_BUNDLE_IDENTIFIER = "Ahmet-K.-dev.Turk.testTests";
				PRODUCT_NAME = "$(TARGET_NAME)";
				SWIFT_EMIT_LOC_STRINGS = NO;
				SWIFT_VERSION = 5.0;
				TARGETED_DEVICE_FAMILY = "1,2";
				TEST_HOST = "$(BUILT_PRODUCTS_DIR)/test.app/$(BUNDLE_EXECUTABLE_FOLDER_PATH)/test";
			};
			name = Release;
		};
		AD3E86392B25F41600BB54B2 /* Debug */ = {
			isa = XCBuildConfiguration;
			buildSettings = {
				ALWAYS_EMBED_SWIFT_STANDARD_LIBRARIES = YES;
				CODE_SIGN_STYLE = Automatic;
				CURRENT_PROJECT_VERSION = 1;
				DEVELOPMENT_TEAM = MHZJ8TSYR9;
				GENERATE_INFOPLIST_FILE = YES;
				MARKETING_VERSION = 1.0;
				PRODUCT_BUNDLE_IDENTIFIER = "Ahmet-K.-dev.Turk.testUITests";
				PRODUCT_NAME = "$(TARGET_NAME)";
				SWIFT_EMIT_LOC_STRINGS = NO;
				SWIFT_VERSION = 5.0;
				TARGETED_DEVICE_FAMILY = "1,2";
				TEST_TARGET_NAME = test;
			};
			name = Debug;
		};
		AD3E863A2B25F41600BB54B2 /* Release */ = {
			isa = XCBuildConfiguration;
			buildSettings = {
				ALWAYS_EMBED_SWIFT_STANDARD_LIBRARIES = YES;
				CODE_SIGN_STYLE = Automatic;
				CURRENT_PROJECT_VERSION = 1;
				DEVELOPMENT_TEAM = MHZJ8TSYR9;
				GENERATE_INFOPLIST_FILE = YES;
				MARKETING_VERSION = 1.0;
				PRODUCT_BUNDLE_IDENTIFIER = "Ahmet-K.-dev.Turk.testUITests";
				PRODUCT_NAME = "$(TARGET_NAME)";
				SWIFT_EMIT_LOC_STRINGS = NO;
				SWIFT_VERSION = 5.0;
				TARGETED_DEVICE_FAMILY = "1,2";
				TEST_TARGET_NAME = test;
			};
			name = Release;
		};
/* End XCBuildConfiguration section */

/* Begin XCConfigurationList section */
		AD3E85FF2B25F41300BB54B2 /* Build configuration list for PBXProject "test" */ = {
			isa = XCConfigurationList;
			buildConfigurations = (
				AD3E86302B25F41600BB54B2 /* Debug */,
				AD3E86312B25F41600BB54B2 /* Release */,
			);
			defaultConfigurationIsVisible = 0;
			defaultConfigurationName = Release;
		};
		AD3E86322B25F41600BB54B2 /* Build configuration list for PBXNativeTarget "test" */ = {
			isa = XCConfigurationList;
			buildConfigurations = (
				AD3E86332B25F41600BB54B2 /* Debug */,
				AD3E86342B25F41600BB54B2 /* Release */,
			);
			defaultConfigurationIsVisible = 0;
			defaultConfigurationName = Release;
		};
		AD3E86352B25F41600BB54B2 /* Build configuration list for PBXNativeTarget "testTests" */ = {
			isa = XCConfigurationList;
			buildConfigurations = (
				AD3E86362B25F41600BB54B2 /* Debug */,
				AD3E86372B25F41600BB54B2 /* Release */,
			);
			defaultConfigurationIsVisible = 0;
			defaultConfigurationName = Release;
		};
		AD3E86382B25F41600BB54B2 /* Build configuration list for PBXNativeTarget "testUITests" */ = {
			isa = XCConfigurationList;
			buildConfigurations = (
				AD3E86392B25F41600BB54B2 /* Debug */,
				AD3E863A2B25F41600BB54B2 /* Release */,
			);
			defaultConfigurationIsVisible = 0;
			defaultConfigurationName = Release;
		};
/* End XCConfigurationList section */

/* Begin XCVersionGroup section */
		AD3E86102B25F41300BB54B2 /* test.xcdatamodeld */ = {
			isa = XCVersionGroup;
			children = (
				AD3E86112B25F41300BB54B2 /* test.xcdatamodel */,
			);
			currentVersion = AD3E86112B25F41300BB54B2 /* test.xcdatamodel */;
			path = test.xcdatamodeld;
			sourceTree = "<group>";
			versionGroupType = wrapper.xcdatamodel;
		};
/* End XCVersionGroup section */
	};
	rootObject = AD3E85FC2B25F41300BB54B2 /* Project object */;
}
